
Microsoft Visual Studio Solution File, Format Version 12.00
# Visual Studio Version 16
VisualStudioVersion = 16.0.32630.194
MinimumVisualStudioVersion = 10.0.40219.1
Project("{FAE04EC0-301F-11D3-BF4B-00C04F79EFBC}") = "MasterPage", "MasterPage\MasterPage.csproj", "{C043E26A-18A0-4315-8013-A03B1A241FDA}"
EndProject
Global
	GlobalSection(SolutionConfigurationPlatforms) = preSolution
		Debug|Any CPU = Debug|Any CPU
		Release|Any CPU = Release|Any CPU
	EndGlobalSection
	GlobalSection(ProjectConfigurationPlatforms) = postSolution
		{C043E26A-18A0-4315-8013-A03B1A241FDA}.Debug|Any CPU.ActiveCfg = Debug|Any CPU
		{C043E26A-18A0-4315-8013-A03B1A241FDA}.Debug|Any CPU.Build.0 = Debug|Any CPU
		{C043E26A-18A0-4315-8013-A03B1A241FDA}.Release|Any CPU.ActiveCfg = Release|Any CPU
		{C043E26A-18A0-4315-8013-A03B1A241FDA}.Release|Any CPU.Build.0 = Release|Any CPU
	EndGlobalSection
	GlobalSection(SolutionProperties) = preSolution
		HideSolutionNode = FALSE
	EndGlobalSection
	GlobalSection(ExtensibilityGlobals) = postSolution
		SolutionGuid = {3F9EBA3D-2B9C-4B2F-95F2-FF868F64862B}
	EndGlobalSection
EndGlobal
